
Microsoft Visual Studio Solution File, Format Version 12.00
# Visual Studio Version 17
VisualStudioVersion = 17.5.002.0
MinimumVisualStudioVersion = 10.0.40219.1
Project("{9A19103F-16F7-4668-BE54-9A1E7A4F7556}") = "GestionBibliotheque.Api", "GestionBibliotheque.Api.csproj", "{D1D3F18D-2C09-4E04-A5D8-1BA0E0F16A66}"
EndProject
Global
	GlobalSection(SolutionConfigurationPlatforms) = preSolution
		Debug|Any CPU = Debug|Any CPU
		Release|Any CPU = Release|Any CPU
	EndGlobalSection
	GlobalSection(ProjectConfigurationPlatforms) = postSolution
		{D1D3F18D-2C09-4E04-A5D8-1BA0E0F16A66}.Debug|Any CPU.ActiveCfg = Debug|Any CPU
		{D1D3F18D-2C09-4E04-A5D8-1BA0E0F16A66}.Debug|Any CPU.Build.0 = Debug|Any CPU
		{D1D3F18D-2C09-4E04-A5D8-1BA0E0F16A66}.Release|Any CPU.ActiveCfg = Release|Any CPU
		{D1D3F18D-2C09-4E04-A5D8-1BA0E0F16A66}.Release|Any CPU.Build.0 = Release|Any CPU
	EndGlobalSection
	GlobalSection(SolutionProperties) = preSolution
		HideSolutionNode = FALSE
	EndGlobalSection
	GlobalSection(ExtensibilityGlobals) = postSolution
		SolutionGuid = {D9D11569-37AB-4F7B-8536-CD682DF3C51F}
	EndGlobalSection
EndGlobal
